
Microsoft Visual Studio Solution File, Format Version 12.00
# Visual Studio Version 17
VisualStudioVersion = 17.5.33516.290
MinimumVisualStudioVersion = 10.0.40219.1
Project("{FAE04EC0-301F-11D3-BF4B-00C04F79EFBC}") = "ChocolateFactoryManagement.API", "ChocolateFactoryManagement.API\ChocolateFactoryManagement.API.csproj", "{01D6487E-4663-4E8D-B81C-47E809F213CA}"
EndProject
Project("{FAE04EC0-301F-11D3-BF4B-00C04F79EFBC}") = "ChocolateFactoryManagement.Domain", "ChocolateFactoryManagement.Domain\ChocolateFactoryManagement.Domain.csproj", "{B0004062-8322-46F2-AE42-F2941DA6F4DE}"
EndProject
Project("{FAE04EC0-301F-11D3-BF4B-00C04F79EFBC}") = "ChocolateFactoryManagement.Infrastructure", "ChocolateFactoryManagement.Infrastructure\ChocolateFactoryManagement.Infrastructure.csproj", "{7444AE56-0D8A-47E3-997F-413D20D3C649}"
EndProject
Global
	GlobalSection(SolutionConfigurationPlatforms) = preSolution
		Debug|Any CPU = Debug|Any CPU
		Release|Any CPU = Release|Any CPU
	EndGlobalSection
	GlobalSection(ProjectConfigurationPlatforms) = postSolution
		{01D6487E-4663-4E8D-B81C-47E809F213CA}.Debug|Any CPU.ActiveCfg = Debug|Any CPU
		{01D6487E-4663-4E8D-B81C-47E809F213CA}.Debug|Any CPU.Build.0 = Debug|Any CPU
		{01D6487E-4663-4E8D-B81C-47E809F213CA}.Release|Any CPU.ActiveCfg = Release|Any CPU
		{01D6487E-4663-4E8D-B81C-47E809F213CA}.Release|Any CPU.Build.0 = Release|Any CPU
		{B0004062-8322-46F2-AE42-F2941DA6F4DE}.Debug|Any CPU.ActiveCfg = Debug|Any CPU
		{B0004062-8322-46F2-AE42-F2941DA6F4DE}.Debug|Any CPU.Build.0 = Debug|Any CPU
		{B0004062-8322-46F2-AE42-F2941DA6F4DE}.Release|Any CPU.ActiveCfg = Release|Any CPU
		{B0004062-8322-46F2-AE42-F2941DA6F4DE}.Release|Any CPU.Build.0 = Release|Any CPU
		{7444AE56-0D8A-47E3-997F-413D20D3C649}.Debug|Any CPU.ActiveCfg = Debug|Any CPU
		{7444AE56-0D8A-47E3-997F-413D20D3C649}.Debug|Any CPU.Build.0 = Debug|Any CPU
		{7444AE56-0D8A-47E3-997F-413D20D3C649}.Release|Any CPU.ActiveCfg = Release|Any CPU
		{7444AE56-0D8A-47E3-997F-413D20D3C649}.Release|Any CPU.Build.0 = Release|Any CPU
	EndGlobalSection
	GlobalSection(SolutionProperties) = preSolution
		HideSolutionNode = FALSE
	EndGlobalSection
	GlobalSection(ExtensibilityGlobals) = postSolution
		SolutionGuid = {0132E897-49B5-4DE2-BA5A-E1063F8CA442}
	EndGlobalSection
EndGlobal
